
Microsoft Visual Studio Solution File, Format Version 12.00
Project("{FAE04EC0-301F-11D3-BF4B-00C04F79EFBC}") = "MyFirstExampleApp", "src\MyFirstExampleApp\MyFirstExampleApp.csproj", "{A7AB825A-D5C7-4CA8-A3B6-4E63BE5C5CE9}"
EndProject
Project("{A00614A5-A756-4745-873C-683117021273}") = "MyFirstExampleApp.Tests", "tests\MyFirstExampleApp.Tests\MyFirstExampleApp.Tests.csproj", "{77F6CBF6-1224-4DDC-9C3D-AA6668B73D7F}"
EndProject
Global
	GlobalSection(SolutionConfigurationPlatforms) = preSolution
		Debug|Any CPU = Debug|Any CPU
		Release|Any CPU = Release|Any CPU
	EndGlobalSection
	GlobalSection(ProjectConfigurationPlatforms) = postSolution
		{A7AB825A-D5C7-4CA8-A3B6-4E63BE5C5CE9}.Debug|Any CPU.ActiveCfg = Debug|Any CPU
		{A7AB825A-D5C7-4CA8-A3B6-4E63BE5C5CE9}.Debug|Any CPU.Build.0 = Debug|Any CPU
		{A7AB825A-D5C7-4CA8-A3B6-4E63BE5C5CE9}.Release|Any CPU.ActiveCfg = Release|Any CPU
		{A7AB825A-D5C7-4CA8-A3B6-4E63BE5C5CE9}.Release|Any CPU.Build.0 = Release|Any CPU
        {77F6CBF6-1224-4DDC-9C3D-AA6668B73D7F}.Debug|Any CPU.ActiveCfg = Debug|Any CPU
        {77F6CBF6-1224-4DDC-9C3D-AA6668B73D7F}.Debug|Any CPU.Build.0 = Debug|Any CPU
        {77F6CBF6-1224-4DDC-9C3D-AA6668B73D7F}.Release|Any CPU.ActiveCfg = Release|Any CPU
        {77F6CBF6-1224-4DDC-9C3D-AA6668B73D7F}.Release|Any CPU.Build.0 = Release|Any CPU
	EndGlobalSection
EndGlobal
